// !$*UTF8*$!
{
	archiveVersion = 1;
	classes = {
	};
	objectVersion = 50;
	objects = {

/* Begin PBXBuildFile section */
		69C5EB6321E27B1800A53DEB /* AppDelegate.swift in Sources */ = {isa = PBXBuildFile; fileRef = 69C5EB6221E27B1800A53DEB /* AppDelegate.swift */; };
		69C5EB6821E27B1800A53DEB /* Main.storyboard in Resources */ = {isa = PBXBuildFile; fileRef = 69C5EB6621E27B1800A53DEB /* Main.storyboard */; };
		69C5EB6A21E27B1900A53DEB /* Assets.xcassets in Resources */ = {isa = PBXBuildFile; fileRef = 69C5EB6921E27B1900A53DEB /* Assets.xcassets */; };
		69C5EB6D21E27B1900A53DEB /* LaunchScreen.storyboard in Resources */ = {isa = PBXBuildFile; fileRef = 69C5EB6B21E27B1900A53DEB /* LaunchScreen.storyboard */; };
		69EEA7DA21E2879F00983440 /* RoadTableViewController.swift in Sources */ = {isa = PBXBuildFile; fileRef = 69EEA7D921E2879F00983440 /* RoadTableViewController.swift */; };
		AC211D61FE8000D1C4D0CFF4 /* Pods_RoadAddress.framework in Frameworks */ = {isa = PBXBuildFile; fileRef = C129A749E46E0A5B638F2BB4 /* Pods_RoadAddress.framework */; };
/* End PBXBuildFile section */

/* Begin PBXFileReference section */
		69C5EB5F21E27B1800A53DEB /* RoadAddress.app */ = {isa = PBXFileReference; explicitFileType = wrapper.application; includeInIndex = 0; path = RoadAddress.app; sourceTree = BUILT_PRODUCTS_DIR; };
		69C5EB6221E27B1800A53DEB /* AppDelegate.swift */ = {isa = PBXFileReference; lastKnownFileType = sourcecode.swift; path = AppDelegate.swift; sourceTree = "<group>"; };
		69C5EB6721E27B1800A53DEB /* Base */ = {isa = PBXFileReference; lastKnownFileType = file.storyboard; name = Base; path = Base.lproj/Main.storyboard; sourceTree = "<group>"; };
		69C5EB6921E27B1900A53DEB /* Assets.xcassets */ = {isa = PBXFileReference; lastKnownFileType = folder.assetcatalog; path = Assets.xcassets; sourceTree = "<group>"; };
		69C5EB6C21E27B1900A53DEB /* Base */ = {isa = PBXFileReference; lastKnownFileType = file.storyboard; name = Base; path = Base.lproj/LaunchScreen.storyboard; sourceTree = "<group>"; };
		69C5EB6E21E27B1900A53DEB /* Info.plist */ = {isa = PBXFileReference; lastKnownFileType = text.plist.xml; path = Info.plist; sourceTree = "<group>"; };
		69EEA7D921E2879F00983440 /* RoadTableViewController.swift */ = {isa = PBXFileReference; lastKnownFileType = sourcecode.swift; path = RoadTableViewController.swift; sourceTree = "<group>"; };
		A8631293AB4F610F43FEA0FB /* Pods-RoadAddress.release.xcconfig */ = {isa = PBXFileReference; includeInIndex = 1; lastKnownFileType = text.xcconfig; name = "Pods-RoadAddress.release.xcconfig"; path = "Pods/Target Support Files/Pods-RoadAddress/Pods-RoadAddress.release.xcconfig"; sourceTree = "<group>"; };
		C129A749E46E0A5B638F2BB4 /* Pods_RoadAddress.framework */ = {isa = PBXFileReference; explicitFileType = wrapper.framework; includeInIndex = 0; path = Pods_RoadAddress.framework; sourceTree = BUILT_PRODUCTS_DIR; };
		F9FEFDBEDEB5C09FD3858935 /* Pods-RoadAddress.debug.xcconfig */ = {isa = PBXFileReference; includeInIndex = 1; lastKnownFileType = text.xcconfig; name = "Pods-RoadAddress.debug.xcconfig"; path = "Pods/Target Support Files/Pods-RoadAddress/Pods-RoadAddress.debug.xcconfig"; sourceTree = "<group>"; };
/* End PBXFileReference section */

/* Begin PBXFrameworksBuildPhase section */
		69C5EB5C21E27B1800A53DEB /* Frameworks */ = {
			isa = PBXFrameworksBuildPhase;
			buildActionMask = 2147483647;
			files = (
				AC211D61FE8000D1C4D0CFF4 /* Pods_RoadAddress.framework in Frameworks */,
			);
			runOnlyForDeploymentPostprocessing = 0;
		};
/* End PBXFrameworksBuildPhase section */

/* Begin PBXGroup section */
		3D76A7D9A055FD37E8E51DB7 /* Frameworks */ = {
			isa = PBXGroup;
			children = (
				C129A749E46E0A5B638F2BB4 /* Pods_RoadAddress.framework */,
			);
			name = Frameworks;
			sourceTree = "<group>";
		};
		69C5EB5621E27B1800A53DEB = {
			isa = PBXGroup;
			children = (
				69C5EB6121E27B1800A53DEB /* RoadAddress */,
				69C5EB6021E27B1800A53DEB /* Products */,
				757EE3135FE9F6798C968DED /* Pods */,
				3D76A7D9A055FD37E8E51DB7 /* Frameworks */,
			);
			sourceTree = "<group>";
		};
		69C5EB6021E27B1800A53DEB /* Products */ = {
			isa = PBXGroup;
			children = (
				69C5EB5F21E27B1800A53DEB /* RoadAddress.app */,
			);
			name = Products;
			sourceTree = "<group>";
		};
		69C5EB6121E27B1800A53DEB /* RoadAddress */ = {
			isa = PBXGroup;
			children = (
				69C5EB6921E27B1900A53DEB /* Assets.xcassets */,
				69C5EB6E21E27B1900A53DEB /* Info.plist */,
				69C5EB6B21E27B1900A53DEB /* LaunchScreen.storyboard */,
				69C5EB6621E27B1800A53DEB /* Main.storyboard */,
				69C5EB6221E27B1800A53DEB /* AppDelegate.swift */,
				69EEA7D921E2879F00983440 /* RoadTableViewController.swift */,
			);
			path = RoadAddress;
			sourceTree = "<group>";
		};
		757EE3135FE9F6798C968DED /* Pods */ = {
			isa = PBXGroup;
			children = (
				F9FEFDBEDEB5C09FD3858935 /* Pods-RoadAddress.debug.xcconfig */,
				A8631293AB4F610F43FEA0FB /* Pods-RoadAddress.release.xcconfig */,
			);
			name = Pods;
			sourceTree = "<group>";
		};
/* End PBXGroup section */

/* Begin PBXNativeTarget section */
		69C5EB5E21E27B1800A53DEB /* RoadAddress */ = {
			isa = PBXNativeTarget;
			buildConfigurationList = 69C5EB7121E27B1900A53DEB /* Build configuration list for PBXNativeTarget "RoadAddress" */;
			buildPhases = (
				0FBA850E8535BB723E5C43E6 /* [CP] Check Pods Manifest.lock */,
				69C5EB5B21E27B1800A53DEB /* Sources */,
				69C5EB5C21E27B1800A53DEB /* Frameworks */,
				69C5EB5D21E27B1800A53DEB /* Resources */,
				6355166417E141B8C6852A53 /* [CP] Embed Pods Frameworks */,
			);
			buildRules = (
			);
			dependencies = (
			);
			name = RoadAddress;
			productName = RoadAddress;
			productReference = 69C5EB5F21E27B1800A53DEB /* RoadAddress.app */;
			productType = "com.apple.product-type.application";
		};
/* End PBXNativeTarget section */

/* Begin PBXProject section */
		69C5EB5721E27B1800A53DEB /* Project object */ = {
			isa = PBXProject;
			attributes = {
				LastSwiftUpdateCheck = 1010;
				LastUpgradeCheck = 1010;
				ORGANIZATIONNAME = "Hyeonuk Jeong";
				TargetAttributes = {
					69C5EB5E21E27B1800A53DEB = {
						CreatedOnToolsVersion = 10.1;
					};
				};
			};
			buildConfigurationList = 69C5EB5A21E27B1800A53DEB /* Build configuration list for PBXProject "RoadAddress" */;
			compatibilityVersion = "Xcode 9.3";
			developmentRegion = en;
			hasScannedForEncodings = 0;
			knownRegions = (
				en,
				Base,
			);
			mainGroup = 69C5EB5621E27B1800A53DEB;
			productRefGroup = 69C5EB6021E27B1800A53DEB /* Products */;
			projectDirPath = "";
			projectRoot = "";
			targets = (
				69C5EB5E21E27B1800A53DEB /* RoadAddress */,
			);
		};
/* End PBXProject section */

/* Begin PBXResourcesBuildPhase section */
		69C5EB5D21E27B1800A53DEB /* Resources */ = {
			isa = PBXResourcesBuildPhase;
			buildActionMask = 2147483647;
			files = (
				69C5EB6D21E27B1900A53DEB /* LaunchScreen.storyboard in Resources */,
				69C5EB6A21E27B1900A53DEB /* Assets.xcassets in Resources */,
				69C5EB6821E27B1800A53DEB /* Main.storyboard in Resources */,
			);
			runOnlyForDeploymentPostprocessing = 0;
		};
/* End PBXResourcesBuildPhase section */

/* Begin PBXShellScriptBuildPhase section */
		0FBA850E8535BB723E5C43E6 /* [CP] Check Pods Manifest.lock */ = {
			isa = PBXShellScriptBuildPhase;
			buildActionMask = 2147483647;
			files = (
			);
			inputFileListPaths = (
			);
			inputPaths = (
				"${PODS_PODFILE_DIR_PATH}/Podfile.lock",
				"${PODS_ROOT}/Manifest.lock",
			);
			name = "[CP] Check Pods Manifest.lock";
			outputFileListPaths = (
			);
			outputPaths = (
				"$(DERIVED_FILE_DIR)/Pods-RoadAddress-checkManifestLockResult.txt",
			);
			runOnlyForDeploymentPostprocessing = 0;
			shellPath = /bin/sh;
			shellScript = "diff \"${PODS_PODFILE_DIR_PATH}/Podfile.lock\" \"${PODS_ROOT}/Manifest.lock\" > /dev/null\nif [ $? != 0 ] ; then\n    # print error to STDERR\n    echo \"error: The sandbox is not in sync with the Podfile.lock. Run 'pod install' or update your CocoaPods installation.\" >&2\n    exit 1\nfi\n# This output is used by Xcode 'outputs' to avoid re-running this script phase.\necho \"SUCCESS\" > \"${SCRIPT_OUTPUT_FILE_0}\"\n";
			showEnvVarsInLog = 0;
		};
		6355166417E141B8C6852A53 /* [CP] Embed Pods Frameworks */ = {
			isa = PBXShellScriptBuildPhase;
			buildActionMask = 2147483647;
			files = (
			);
			inputFileListPaths = (
			);
			inputPaths = (
				"${SRCROOT}/Pods/Target Support Files/Pods-RoadAddress/Pods-RoadAddress-frameworks.sh",
				"${BUILT_PRODUCTS_DIR}/Alamofire/Alamofire.framework",
				"${BUILT_PRODUCTS_DIR}/SwiftyJSON/SwiftyJSON.framework",
			);
			name = "[CP] Embed Pods Frameworks";
			outputFileListPaths = (
			);
			outputPaths = (
				"${TARGET_BUILD_DIR}/${FRAMEWORKS_FOLDER_PATH}/Alamofire.framework",
				"${TARGET_BUILD_DIR}/${FRAMEWORKS_FOLDER_PATH}/SwiftyJSON.framework",
			);
			runOnlyForDeploymentPostprocessing = 0;
			shellPath = /bin/sh;
			shellScript = "\"${SRCROOT}/Pods/Target Support Files/Pods-RoadAddress/Pods-RoadAddress-frameworks.sh\"\n";
			showEnvVarsInLog = 0;
		};
/* End PBXShellScriptBuildPhase section */

/* Begin PBXSourcesBuildPhase section */
		69C5EB5B21E27B1800A53DEB /* Sources */ = {
			isa = PBXSourcesBuildPhase;
			buildActionMask = 2147483647;
			files = (
				69EEA7DA21E2879F00983440 /* RoadTableViewController.swift in Sources */,
				69C5EB6321E27B1800A53DEB /* AppDelegate.swift in Sources */,
			);
			runOnlyForDeploymentPostprocessing = 0;
		};
/* End PBXSourcesBuildPhase section */

/* Begin PBXVariantGroup section */
		69C5EB6621E27B1800A53DEB /* Main.storyboard */ = {
			isa = PBXVariantGroup;
			children = (
				69C5EB6721E27B1800A53DEB /* Base */,
			);
			name = Main.storyboard;
			sourceTree = "<group>";
		};
		69C5EB6B21E27B1900A53DEB /* LaunchScreen.storyboard */ = {
			isa = PBXVariantGroup;
			children = (
				69C5EB6C21E27B1900A53DEB /* Base */,
			);
			name = LaunchScreen.storyboard;
			sourceTree = "<group>";
		};
/* End PBXVariantGroup section */

/* Begin XCBuildConfiguration section */
		69C5EB6F21E27B1900A53DEB /* Debug */ = {
			isa = XCBuildConfiguration;
			buildSettings = {
				ALWAYS_SEARCH_USER_PATHS = NO;
				CLANG_ANALYZER_NONNULL = YES;
				CLANG_ANALYZER_NUMBER_OBJECT_CONVERSION = YES_AGGRESSIVE;
				CLANG_CXX_LANGUAGE_STANDARD = "gnu++14";
				CLANG_CXX_LIBRARY = "libc++";
				CLANG_ENABLE_MODULES = YES;
				CLANG_ENABLE_OBJC_ARC = YES;
				CLANG_ENABLE_OBJC_WEAK = YES;
				CLANG_WARN_BLOCK_CAPTURE_AUTORELEASING = YES;
				CLANG_WARN_BOOL_CONVERSION = YES;
				CLANG_WARN_COMMA = YES;
				CLANG_WARN_CONSTANT_CONVERSION = YES;
				CLANG_WARN_DEPRECATED_OBJC_IMPLEMENTATIONS = YES;
				CLANG_WARN_DIRECT_OBJC_ISA_USAGE = YES_ERROR;
				CLANG_WARN_DOCUMENTATION_COMMENTS = YES;
				CLANG_WARN_EMPTY_BODY = YES;
				CLANG_WARN_ENUM_CONVERSION = YES;
				CLANG_WARN_INFINITE_RECURSION = YES;
				CLANG_WARN_INT_CONVERSION = YES;
				CLANG_WARN_NON_LITERAL_NULL_CONVERSION = YES;
				CLANG_WARN_OBJC_IMPLICIT_RETAIN_SELF = YES;
				CLANG_WARN_OBJC_LITERAL_CONVERSION = YES;
				CLANG_WARN_OBJC_ROOT_CLASS = YES_ERROR;
				CLANG_WARN_RANGE_LOOP_ANALYSIS = YES;
				CLANG_WARN_STRICT_PROTOTYPES = YES;
				CLANG_WARN_SUSPICIOUS_MOVE = YES;
				CLANG_WARN_UNGUARDED_AVAILABILITY = YES_AGGRESSIVE;
				CLANG_WARN_UNREACHABLE_CODE = YES;
				CLANG_WARN__DUPLICATE_METHOD_MATCH = YES;
				CODE_SIGN_IDENTITY = "iPhone Developer";
				COPY_PHASE_STRIP = NO;
				DEBUG_INFORMATION_FORMAT = dwarf;
				ENABLE_STRICT_OBJC_MSGSEND = YES;
				ENABLE_TESTABILITY = YES;
				GCC_C_LANGUAGE_STANDARD = gnu11;
				GCC_DYNAMIC_NO_PIC = NO;
				GCC_NO_COMMON_BLOCKS = YES;
				GCC_OPTIMIZATION_LEVEL = 0;
				GCC_PREPROCESSOR_DEFINITIONS = (
					"DEBUG=1",
					"$(inherited)",
				);
				GCC_WARN_64_TO_32_BIT_CONVERSION = YES;
				GCC_WARN_ABOUT_RETURN_TYPE = YES_ERROR;
				GCC_WARN_UNDECLARED_SELECTOR = YES;
				GCC_WARN_UNINITIALIZED_AUTOS = YES_AGGRESSIVE;
				GCC_WARN_UNUSED_FUNCTION = YES;
				GCC_WARN_UNUSED_VARIABLE = YES;
				IPHONEOS_DEPLOYMENT_TARGET = 12.1;
				MTL_ENABLE_DEBUG_INFO = INCLUDE_SOURCE;
				MTL_FAST_MATH = YES;
				ONLY_ACTIVE_ARCH = YES;
				SDKROOT = iphoneos;
				SWIFT_ACTIVE_COMPILATION_CONDITIONS = DEBUG;
				SWIFT_OPTIMIZATION_LEVEL = "-Onone";
			};
			name = Debug;
		};
		69C5EB7021E27B1900A53DEB /* Release */ = {
			isa = XCBuildConfiguration;
			buildSettings = {
				ALWAYS_SEARCH_USER_PATHS = NO;
				CLANG_ANALYZER_NONNULL = YES;
				CLANG_ANALYZER_NUMBER_OBJECT_CONVERSION = YES_AGGRESSIVE;
				CLANG_CXX_LANGUAGE_STANDARD = "gnu++14";
				CLANG_CXX_LIBRARY = "libc++";
				CLANG_ENABLE_MODULES = YES;
				CLANG_ENABLE_OBJC_ARC = YES;
				CLANG_ENABLE_OBJC_WEAK = YES;
				CLANG_WARN_BLOCK_CAPTURE_AUTORELEASING = YES;
				CLANG_WARN_BOOL_CONVERSION = YES;
				CLANG_WARN_COMMA = YES;
				CLANG_WARN_CONSTANT_CONVERSION = YES;
				CLANG_WARN_DEPRECATED_OBJC_IMPLEMENTATIONS = YES;
				CLANG_WARN_DIRECT_OBJC_ISA_USAGE = YES_ERROR;
				CLANG_WARN_DOCUMENTATION_COMMENTS = YES;
				CLANG_WARN_EMPTY_BODY = YES;
				CLANG_WARN_ENUM_CONVERSION = YES;
				CLANG_WARN_INFINITE_RECURSION = YES;
				CLANG_WARN_INT_CONVERSION = YES;
				CLANG_WARN_NON_LITERAL_NULL_CONVERSION = YES;
				CLANG_WARN_OBJC_IMPLICIT_RETAIN_SELF = YES;
				CLANG_WARN_OBJC_LITERAL_CONVERSION = YES;
				CLANG_WARN_OBJC_ROOT_CLASS = YES_ERROR;
				CLANG_WARN_RANGE_LOOP_ANALYSIS = YES;
				CLANG_WARN_STRICT_PROTOTYPES = YES;
				CLANG_WARN_SUSPICIOUS_MOVE = YES;
				CLANG_WARN_UNGUARDED_AVAILABILITY = YES_AGGRESSIVE;
				CLANG_WARN_UNREACHABLE_CODE = YES;
				CLANG_WARN__DUPLICATE_METHOD_MATCH = YES;
				CODE_SIGN_IDENTITY = "iPhone Developer";
				COPY_PHASE_STRIP = NO;
				DEBUG_INFORMATION_FORMAT = "dwarf-with-dsym";
				ENABLE_NS_ASSERTIONS = NO;
				ENABLE_STRICT_OBJC_MSGSEND = YES;
				GCC_C_LANGUAGE_STANDARD = gnu11;
				GCC_NO_COMMON_BLOCKS = YES;
				GCC_WARN_64_TO_32_BIT_CONVERSION = YES;
				GCC_WARN_ABOUT_RETURN_TYPE = YES_ERROR;
				GCC_WARN_UNDECLARED_SELECTOR = YES;
				GCC_WARN_UNINITIALIZED_AUTOS = YES_AGGRESSIVE;
				GCC_WARN_UNUSED_FUNCTION = YES;
				GCC_WARN_UNUSED_VARIABLE = YES;
				IPHONEOS_DEPLOYMENT_TARGET = 12.1;
				MTL_ENABLE_DEBUG_INFO = NO;
				MTL_FAST_MATH = YES;
				SDKROOT = iphoneos;
				SWIFT_COMPILATION_MODE = wholemodule;
				SWIFT_OPTIMIZATION_LEVEL = "-O";
				VALIDATE_PRODUCT = YES;
			};
			name = Release;
		};
		69C5EB7221E27B1900A53DEB /* Debug */ = {
			isa = XCBuildConfiguration;
			baseConfigurationReference = F9FEFDBEDEB5C09FD3858935 /* Pods-RoadAddress.debug.xcconfig */;
			buildSettings = {
				ASSETCATALOG_COMPILER_APPICON_NAME = AppIcon;
				CODE_SIGN_STYLE = Automatic;
				DEVELOPMENT_TEAM = 55P5JBUW6Z;
				INFOPLIST_FILE = RoadAddress/Info.plist;
				LD_RUNPATH_SEARCH_PATHS = (
					"$(inherited)",
					"@executable_path/Frameworks",
				);
				PRODUCT_BUNDLE_IDENTIFIER = com.hyeonuk.RoadAddress;
				PRODUCT_NAME = "$(TARGET_NAME)";
				SWIFT_VERSION = 4.2;
				TARGETED_DEVICE_FAMILY = "1,2";
			};
			name = Debug;
		};
		69C5EB7321E27B1900A53DEB /* Release */ = {
			isa = XCBuildConfiguration;
			baseConfigurationReference = A8631293AB4F610F43FEA0FB /* Pods-RoadAddress.release.xcconfig */;
			buildSettings = {
				ASSETCATALOG_COMPILER_APPICON_NAME = AppIcon;
				CODE_SIGN_STYLE = Automatic;
				DEVELOPMENT_TEAM = 55P5JBUW6Z;
				INFOPLIST_FILE = RoadAddress/Info.plist;
				LD_RUNPATH_SEARCH_PATHS = (
					"$(inherited)",
					"@executable_path/Frameworks",
				);
				PRODUCT_BUNDLE_IDENTIFIER = com.hyeonuk.RoadAddress;
				PRODUCT_NAME = "$(TARGET_NAME)";
				SWIFT_VERSION = 4.2;
				TARGETED_DEVICE_FAMILY = "1,2";
			};
			name = Release;
		};
/* End XCBuildConfiguration section */

/* Begin XCConfigurationList section */
		69C5EB5A21E27B1800A53DEB /* Build configuration list for PBXProject "RoadAddress" */ = {
			isa = XCConfigurationList;
			buildConfigurations = (
				69C5EB6F21E27B1900A53DEB /* Debug */,
				69C5EB7021E27B1900A53DEB /* Release */,
			);
			defaultConfigurationIsVisible = 0;
			defaultConfigurationName = Release;
		};
		69C5EB7121E27B1900A53DEB /* Build configuration list for PBXNativeTarget "RoadAddress" */ = {
			isa = XCConfigurationList;
			buildConfigurations = (
				69C5EB7221E27B1900A53DEB /* Debug */,
				69C5EB7321E27B1900A53DEB /* Release */,
			);
			defaultConfigurationIsVisible = 0;
			defaultConfigurationName = Release;
		};
/* End XCConfigurationList section */
	};
	rootObject = 69C5EB5721E27B1800A53DEB /* Project object */;
}
